
Microsoft Visual Studio Solution File, Format Version 12.00
# Visual Studio 15
VisualStudioVersion = 15.0.27703.2026
MinimumVisualStudioVersion = 10.0.40219.1
Project("{FAE04EC0-301F-11D3-BF4B-00C04F79EFBC}") = "masyvai", "masyvai\masyvai.csproj", "{AACB147A-323A-4061-B3EF-3982C1AB3E6E}"
EndProject
Global
	GlobalSection(SolutionConfigurationPlatforms) = preSolution
		Debug|Any CPU = Debug|Any CPU
		Release|Any CPU = Release|Any CPU
	EndGlobalSection
	GlobalSection(ProjectConfigurationPlatforms) = postSolution
		{AACB147A-323A-4061-B3EF-3982C1AB3E6E}.Debug|Any CPU.ActiveCfg = Debug|Any CPU
		{AACB147A-323A-4061-B3EF-3982C1AB3E6E}.Debug|Any CPU.Build.0 = Debug|Any CPU
		{AACB147A-323A-4061-B3EF-3982C1AB3E6E}.Release|Any CPU.ActiveCfg = Release|Any CPU
		{AACB147A-323A-4061-B3EF-3982C1AB3E6E}.Release|Any CPU.Build.0 = Release|Any CPU
	EndGlobalSection
	GlobalSection(SolutionProperties) = preSolution
		HideSolutionNode = FALSE
	EndGlobalSection
	GlobalSection(ExtensibilityGlobals) = postSolution
		SolutionGuid = {17307925-7C3B-4E7E-961B-A9A5E0ABBA50}
	EndGlobalSection
EndGlobal
