
Microsoft Visual Studio Solution File, Format Version 12.00
# Visual Studio 15
VisualStudioVersion = 15.0.27703.2000
MinimumVisualStudioVersion = 10.0.40219.1
Project("{FAE04EC0-301F-11D3-BF4B-00C04F79EFBC}") = "skaičius_i_zodį", "skaičius_i_zodį\skaičius_i_zodį.csproj", "{0E996831-D5E0-4E70-85BF-F3D2DBE8CEDB}"
EndProject
Global
	GlobalSection(SolutionConfigurationPlatforms) = preSolution
		Debug|Any CPU = Debug|Any CPU
		Release|Any CPU = Release|Any CPU
	EndGlobalSection
	GlobalSection(ProjectConfigurationPlatforms) = postSolution
		{0E996831-D5E0-4E70-85BF-F3D2DBE8CEDB}.Debug|Any CPU.ActiveCfg = Debug|Any CPU
		{0E996831-D5E0-4E70-85BF-F3D2DBE8CEDB}.Debug|Any CPU.Build.0 = Debug|Any CPU
		{0E996831-D5E0-4E70-85BF-F3D2DBE8CEDB}.Release|Any CPU.ActiveCfg = Release|Any CPU
		{0E996831-D5E0-4E70-85BF-F3D2DBE8CEDB}.Release|Any CPU.Build.0 = Release|Any CPU
	EndGlobalSection
	GlobalSection(SolutionProperties) = preSolution
		HideSolutionNode = FALSE
	EndGlobalSection
	GlobalSection(ExtensibilityGlobals) = postSolution
		SolutionGuid = {982187B7-0DBD-4EB9-AA5C-F74D51F6D762}
	EndGlobalSection
EndGlobal
